
Microsoft Visual Studio Solution File, Format Version 12.00
# Visual Studio Version 17
VisualStudioVersion = 17.0.31903.59
MinimumVisualStudioVersion = 10.0.40219.1
Project("{2150E333-8FDC-42A3-9474-1A3956D46DE8}") = "src", "src", "{658BC92B-0C6C-4405-B58B-22B00C4A9990}"
EndProject
Project("{2150E333-8FDC-42A3-9474-1A3956D46DE8}") = "API", "API", "{072704EA-7615-46AB-8C55-D35AB320A5E3}"
EndProject
Project("{2150E333-8FDC-42A3-9474-1A3956D46DE8}") = "BLL", "BLL", "{231198C6-A656-49D5-9BD6-511B193E2C94}"
EndProject
Project("{2150E333-8FDC-42A3-9474-1A3956D46DE8}") = "DATA", "DATA", "{EF9A705D-5630-47FA-B67F-C12F8139D6FF}"
EndProject
Project("{FAE04EC0-301F-11D3-BF4B-00C04F79EFBC}") = "MicroOndas.API", "MicroOndas.API\MicroOndas.API.csproj", "{E3365964-4CCC-4437-80B9-B46E10FCC877}"
EndProject
Project("{FAE04EC0-301F-11D3-BF4B-00C04F79EFBC}") = "MicroOndas.BLL", "MicroOndas.BLL\MicroOndas.BLL.csproj", "{0B07C82F-3302-498E-9084-94635A225FEF}"
EndProject
Project("{FAE04EC0-301F-11D3-BF4B-00C04F79EFBC}") = "MicroOndas.DATA", "MicroOndas.DATA\MicroOndas.DATA.csproj", "{A53DCCD3-218A-457E-AB50-CE8CB72D0E3A}"
EndProject
Project("{2150E333-8FDC-42A3-9474-1A3956D46DE8}") = "DTO", "DTO", "{DB3D25D1-6B4C-4E43-80A7-97C9A70B3FEC}"
EndProject
Project("{FAE04EC0-301F-11D3-BF4B-00C04F79EFBC}") = "MicroOndas.DTO", "MicroOndas.DTO\MicroOndas.DTO.csproj", "{C001E26B-7A6F-4925-8C1E-049941E29FB6}"
EndProject
Global
	GlobalSection(SolutionConfigurationPlatforms) = preSolution
		Debug|Any CPU = Debug|Any CPU
		Release|Any CPU = Release|Any CPU
	EndGlobalSection
	GlobalSection(ProjectConfigurationPlatforms) = postSolution
		{E3365964-4CCC-4437-80B9-B46E10FCC877}.Debug|Any CPU.ActiveCfg = Debug|Any CPU
		{E3365964-4CCC-4437-80B9-B46E10FCC877}.Debug|Any CPU.Build.0 = Debug|Any CPU
		{E3365964-4CCC-4437-80B9-B46E10FCC877}.Release|Any CPU.ActiveCfg = Release|Any CPU
		{E3365964-4CCC-4437-80B9-B46E10FCC877}.Release|Any CPU.Build.0 = Release|Any CPU
		{0B07C82F-3302-498E-9084-94635A225FEF}.Debug|Any CPU.ActiveCfg = Debug|Any CPU
		{0B07C82F-3302-498E-9084-94635A225FEF}.Debug|Any CPU.Build.0 = Debug|Any CPU
		{0B07C82F-3302-498E-9084-94635A225FEF}.Release|Any CPU.ActiveCfg = Release|Any CPU
		{0B07C82F-3302-498E-9084-94635A225FEF}.Release|Any CPU.Build.0 = Release|Any CPU
		{A53DCCD3-218A-457E-AB50-CE8CB72D0E3A}.Debug|Any CPU.ActiveCfg = Debug|Any CPU
		{A53DCCD3-218A-457E-AB50-CE8CB72D0E3A}.Debug|Any CPU.Build.0 = Debug|Any CPU
		{A53DCCD3-218A-457E-AB50-CE8CB72D0E3A}.Release|Any CPU.ActiveCfg = Release|Any CPU
		{A53DCCD3-218A-457E-AB50-CE8CB72D0E3A}.Release|Any CPU.Build.0 = Release|Any CPU
		{C001E26B-7A6F-4925-8C1E-049941E29FB6}.Debug|Any CPU.ActiveCfg = Debug|Any CPU
		{C001E26B-7A6F-4925-8C1E-049941E29FB6}.Debug|Any CPU.Build.0 = Debug|Any CPU
		{C001E26B-7A6F-4925-8C1E-049941E29FB6}.Release|Any CPU.ActiveCfg = Release|Any CPU
		{C001E26B-7A6F-4925-8C1E-049941E29FB6}.Release|Any CPU.Build.0 = Release|Any CPU
	EndGlobalSection
	GlobalSection(SolutionProperties) = preSolution
		HideSolutionNode = FALSE
	EndGlobalSection
	GlobalSection(NestedProjects) = preSolution
		{072704EA-7615-46AB-8C55-D35AB320A5E3} = {658BC92B-0C6C-4405-B58B-22B00C4A9990}
		{231198C6-A656-49D5-9BD6-511B193E2C94} = {658BC92B-0C6C-4405-B58B-22B00C4A9990}
		{EF9A705D-5630-47FA-B67F-C12F8139D6FF} = {658BC92B-0C6C-4405-B58B-22B00C4A9990}
		{E3365964-4CCC-4437-80B9-B46E10FCC877} = {072704EA-7615-46AB-8C55-D35AB320A5E3}
		{0B07C82F-3302-498E-9084-94635A225FEF} = {231198C6-A656-49D5-9BD6-511B193E2C94}
		{A53DCCD3-218A-457E-AB50-CE8CB72D0E3A} = {EF9A705D-5630-47FA-B67F-C12F8139D6FF}
		{DB3D25D1-6B4C-4E43-80A7-97C9A70B3FEC} = {658BC92B-0C6C-4405-B58B-22B00C4A9990}
		{C001E26B-7A6F-4925-8C1E-049941E29FB6} = {DB3D25D1-6B4C-4E43-80A7-97C9A70B3FEC}
	EndGlobalSection
	GlobalSection(ExtensibilityGlobals) = postSolution
		SolutionGuid = {ED7DDA49-6F99-4C9A-A070-A32EC35EEF1A}
	EndGlobalSection
EndGlobal
