
Microsoft Visual Studio Solution File, Format Version 12.00
# Visual Studio Version 17
VisualStudioVersion = 17.0.31903.59
MinimumVisualStudioVersion = 10.0.40219.1
Project("{2150E333-8FDC-42A3-9474-1A3956D46DE8}") = "src", "src", "{103ED754-FF7E-42F3-B9AA-C6864712A3F2}"
EndProject
Project("{2150E333-8FDC-42A3-9474-1A3956D46DE8}") = "Application", "Application", "{7BD529A9-D866-413D-A1BC-C80873766F06}"
EndProject
Project("{FAE04EC0-301F-11D3-BF4B-00C04F79EFBC}") = "MicroOndas.Application", "MicroOndas.Application\MicroOndas.Application.csproj", "{DE19B0C7-7F45-432A-9652-C16205A63649}"
EndProject
Global
	GlobalSection(SolutionConfigurationPlatforms) = preSolution
		Debug|Any CPU = Debug|Any CPU
		Release|Any CPU = Release|Any CPU
	EndGlobalSection
	GlobalSection(ProjectConfigurationPlatforms) = postSolution
		{DE19B0C7-7F45-432A-9652-C16205A63649}.Debug|Any CPU.ActiveCfg = Debug|Any CPU
		{DE19B0C7-7F45-432A-9652-C16205A63649}.Debug|Any CPU.Build.0 = Debug|Any CPU
		{DE19B0C7-7F45-432A-9652-C16205A63649}.Release|Any CPU.ActiveCfg = Release|Any CPU
		{DE19B0C7-7F45-432A-9652-C16205A63649}.Release|Any CPU.Build.0 = Release|Any CPU
	EndGlobalSection
	GlobalSection(SolutionProperties) = preSolution
		HideSolutionNode = FALSE
	EndGlobalSection
	GlobalSection(NestedProjects) = preSolution
		{7BD529A9-D866-413D-A1BC-C80873766F06} = {103ED754-FF7E-42F3-B9AA-C6864712A3F2}
		{DE19B0C7-7F45-432A-9652-C16205A63649} = {7BD529A9-D866-413D-A1BC-C80873766F06}
	EndGlobalSection
	GlobalSection(ExtensibilityGlobals) = postSolution
		SolutionGuid = {F16FD11E-6BEC-4A79-9E65-920ACEC81E19}
	EndGlobalSection
EndGlobal
